
Microsoft Visual Studio Solution File, Format Version 12.00
# Visual Studio Version 17
VisualStudioVersion = 17.0.31903.59
MinimumVisualStudioVersion = 10.0.40219.1
Project("{FAE04EC0-301F-11D3-BF4B-00C04F79EFBC}") = "API", "API\API.csproj", "{EF65330D-EC5D-4B42-A8D9-939951980B0A}"
EndProject
Project("{FAE04EC0-301F-11D3-BF4B-00C04F79EFBC}") = "Core", "Core\Core.csproj", "{5206753E-507D-42C8-B558-4FE613F0543E}"
EndProject
Project("{FAE04EC0-301F-11D3-BF4B-00C04F79EFBC}") = "Infrastructure", "Infrastructure\Infrastructure.csproj", "{5C67024F-776A-417A-9E6A-424550C8DAAA}"
EndProject
Global
	GlobalSection(SolutionConfigurationPlatforms) = preSolution
		Debug|Any CPU = Debug|Any CPU
		Release|Any CPU = Release|Any CPU
	EndGlobalSection
	GlobalSection(SolutionProperties) = preSolution
		HideSolutionNode = FALSE
	EndGlobalSection
	GlobalSection(ProjectConfigurationPlatforms) = postSolution
		{EF65330D-EC5D-4B42-A8D9-939951980B0A}.Debug|Any CPU.ActiveCfg = Debug|Any CPU
		{EF65330D-EC5D-4B42-A8D9-939951980B0A}.Debug|Any CPU.Build.0 = Debug|Any CPU
		{EF65330D-EC5D-4B42-A8D9-939951980B0A}.Release|Any CPU.ActiveCfg = Release|Any CPU
		{EF65330D-EC5D-4B42-A8D9-939951980B0A}.Release|Any CPU.Build.0 = Release|Any CPU
		{5206753E-507D-42C8-B558-4FE613F0543E}.Debug|Any CPU.ActiveCfg = Debug|Any CPU
		{5206753E-507D-42C8-B558-4FE613F0543E}.Debug|Any CPU.Build.0 = Debug|Any CPU
		{5206753E-507D-42C8-B558-4FE613F0543E}.Release|Any CPU.ActiveCfg = Release|Any CPU
		{5206753E-507D-42C8-B558-4FE613F0543E}.Release|Any CPU.Build.0 = Release|Any CPU
		{5C67024F-776A-417A-9E6A-424550C8DAAA}.Debug|Any CPU.ActiveCfg = Debug|Any CPU
		{5C67024F-776A-417A-9E6A-424550C8DAAA}.Debug|Any CPU.Build.0 = Debug|Any CPU
		{5C67024F-776A-417A-9E6A-424550C8DAAA}.Release|Any CPU.ActiveCfg = Release|Any CPU
		{5C67024F-776A-417A-9E6A-424550C8DAAA}.Release|Any CPU.Build.0 = Release|Any CPU
	EndGlobalSection
EndGlobal
